
Microsoft Visual Studio Solution File, Format Version 12.00
# Visual Studio Version 17
VisualStudioVersion = 17.3.32819.101
MinimumVisualStudioVersion = 10.0.40219.1
Project("{FAE04EC0-301F-11D3-BF4B-00C04F79EFBC}") = "Magazine", "Magazine\Magazine.csproj", "{DB507B6E-4473-4812-9044-7AFBAA9F7755}"
EndProject
Global
	GlobalSection(SolutionConfigurationPlatforms) = preSolution
		Debug|Any CPU = Debug|Any CPU
		Release|Any CPU = Release|Any CPU
	EndGlobalSection
	GlobalSection(ProjectConfigurationPlatforms) = postSolution
		{DB507B6E-4473-4812-9044-7AFBAA9F7755}.Debug|Any CPU.ActiveCfg = Debug|Any CPU
		{DB507B6E-4473-4812-9044-7AFBAA9F7755}.Debug|Any CPU.Build.0 = Debug|Any CPU
		{DB507B6E-4473-4812-9044-7AFBAA9F7755}.Release|Any CPU.ActiveCfg = Release|Any CPU
		{DB507B6E-4473-4812-9044-7AFBAA9F7755}.Release|Any CPU.Build.0 = Release|Any CPU
	EndGlobalSection
	GlobalSection(SolutionProperties) = preSolution
		HideSolutionNode = FALSE
	EndGlobalSection
	GlobalSection(ExtensibilityGlobals) = postSolution
		SolutionGuid = {C29345E7-7A7D-49A9-B9DF-255286B3841B}
	EndGlobalSection
EndGlobal
